
Microsoft Visual Studio Solution File, Format Version 12.00
# Visual Studio 2012
Project("{FAE04EC0-301F-11D3-BF4B-00C04F79EFBC}") = "HighchartsTest", "HighchartsTest\HighchartsTest.csproj", "{ADB3ACC7-D88B-49A7-988D-14E076CA6F3C}"
EndProject
Global
	GlobalSection(SolutionConfigurationPlatforms) = preSolution
		Debug|Any CPU = Debug|Any CPU
		Release|Any CPU = Release|Any CPU
	EndGlobalSection
	GlobalSection(ProjectConfigurationPlatforms) = postSolution
		{ADB3ACC7-D88B-49A7-988D-14E076CA6F3C}.Debug|Any CPU.ActiveCfg = Debug|Any CPU
		{ADB3ACC7-D88B-49A7-988D-14E076CA6F3C}.Debug|Any CPU.Build.0 = Debug|Any CPU
		{ADB3ACC7-D88B-49A7-988D-14E076CA6F3C}.Release|Any CPU.ActiveCfg = Release|Any CPU
		{ADB3ACC7-D88B-49A7-988D-14E076CA6F3C}.Release|Any CPU.Build.0 = Release|Any CPU
	EndGlobalSection
	GlobalSection(SolutionProperties) = preSolution
		HideSolutionNode = FALSE
	EndGlobalSection
EndGlobal
